
Microsoft Visual Studio Solution File, Format Version 12.00
# Visual Studio Version 17
VisualStudioVersion = 17.9.34701.34
MinimumVisualStudioVersion = 10.0.40219.1
Project("{FAE04EC0-301F-11D3-BF4B-00C04F79EFBC}") = "WpfGitExercise4.2", "WpfGitExercise4.2.csproj", "{FA5CEFD3-B10B-4112-B3AF-B803C3BC63BB}"
EndProject
Global
	GlobalSection(SolutionConfigurationPlatforms) = preSolution
		Debug|Any CPU = Debug|Any CPU
		Release|Any CPU = Release|Any CPU
	EndGlobalSection
	GlobalSection(ProjectConfigurationPlatforms) = postSolution
		{FA5CEFD3-B10B-4112-B3AF-B803C3BC63BB}.Debug|Any CPU.ActiveCfg = Debug|Any CPU
		{FA5CEFD3-B10B-4112-B3AF-B803C3BC63BB}.Debug|Any CPU.Build.0 = Debug|Any CPU
		{FA5CEFD3-B10B-4112-B3AF-B803C3BC63BB}.Release|Any CPU.ActiveCfg = Release|Any CPU
		{FA5CEFD3-B10B-4112-B3AF-B803C3BC63BB}.Release|Any CPU.Build.0 = Release|Any CPU
	EndGlobalSection
	GlobalSection(SolutionProperties) = preSolution
		HideSolutionNode = FALSE
	EndGlobalSection
	GlobalSection(ExtensibilityGlobals) = postSolution
		SolutionGuid = {8BB7CAC6-F0CF-405F-BB55-119271DDF114}
	EndGlobalSection
EndGlobal
